// !$*UTF8*$!
{
	archiveVersion = 1;
	classes = {
	};
	objectVersion = 46;
	objects = {

/* Begin PBXBuildFile section */
		93151B0B1B8CF02400D0A529 /* main.m in Sources */ = {isa = PBXBuildFile; fileRef = 93151B0A1B8CF02400D0A529 /* main.m */; };
		93151B0F1B8CF03700D0A529 /* Common.h in Sources */ = {isa = PBXBuildFile; fileRef = 9390B0491B8A575E0033953A /* Common.h */; };
		93151B101B8CF03700D0A529 /* Point.h in Sources */ = {isa = PBXBuildFile; fileRef = 9390B0501B8A8B780033953A /* Point.h */; };
		93151B111B8CF03700D0A529 /* OutputBuffer.h in Sources */ = {isa = PBXBuildFile; fileRef = 9390B04F1B8A65900033953A /* OutputBuffer.h */; };
		93151B121B8CF03700D0A529 /* TTY.h in Sources */ = {isa = PBXBuildFile; fileRef = 9390B03F1B8A56EB0033953A /* TTY.h */; };
		93151B131B8CF03700D0A529 /* Base.h in Sources */ = {isa = PBXBuildFile; fileRef = 9390B04B1B8A5EC70033953A /* Base.h */; };
		93151B141B8CF03700D0A529 /* Attribute.h in Sources */ = {isa = PBXBuildFile; fileRef = 9390B04E1B8A622D0033953A /* Attribute.h */; };
		93151B151B8CF03700D0A529 /* Common.mm in Sources */ = {isa = PBXBuildFile; fileRef = 9390B04C1B8A60F40033953A /* Common.mm */; };
		93151B171B8CF03700D0A529 /* Base.mm in Sources */ = {isa = PBXBuildFile; fileRef = 933AE7AD1B8BF81700A987C0 /* Base.mm */; };
		93151B181B8CF03700D0A529 /* TTY.mm in Sources */ = {isa = PBXBuildFile; fileRef = 9390B04A1B8A5E860033953A /* TTY.mm */; };
		93151B1F1B8CFD8100D0A529 /* OutputBuffer.mm in Sources */ = {isa = PBXBuildFile; fileRef = 9390B0701B8BA96A0033953A /* OutputBuffer.mm */; };
		93151B211B8E448E00D0A529 /* Attribute.mm in Sources */ = {isa = PBXBuildFile; fileRef = 93151B201B8E448E00D0A529 /* Attribute.mm */; };
		93151B241B8E485100D0A529 /* Map.mm in Sources */ = {isa = PBXBuildFile; fileRef = 93151B231B8E485100D0A529 /* Map.mm */; };
		93151B261B8E489800D0A529 /* Cocoa.mm in Sources */ = {isa = PBXBuildFile; fileRef = 93151B251B8E489800D0A529 /* Cocoa.mm */; };
/* End PBXBuildFile section */

/* Begin PBXCopyFilesBuildPhase section */
		93151B061B8CF02400D0A529 /* CopyFiles */ = {
			isa = PBXCopyFilesBuildPhase;
			buildActionMask = 2147483647;
			dstPath = /usr/share/man/man1/;
			dstSubfolderSpec = 0;
			files = (
			);
			runOnlyForDeploymentPostprocessing = 1;
		};
/* End PBXCopyFilesBuildPhase section */

/* Begin PBXFileReference section */
		93151B081B8CF02400D0A529 /* libhex-symbols */ = {isa = PBXFileReference; explicitFileType = "compiled.mach-o.executable"; includeInIndex = 0; path = "libhex-symbols"; sourceTree = BUILT_PRODUCTS_DIR; };
		93151B0A1B8CF02400D0A529 /* main.m */ = {isa = PBXFileReference; lastKnownFileType = sourcecode.c.objc; path = main.m; sourceTree = "<group>"; };
		93151B191B8CF08700D0A529 /* Impl.h */ = {isa = PBXFileReference; lastKnownFileType = sourcecode.c.h; path = Impl.h; sourceTree = "<group>"; };
		93151B1E1B8CF2B900D0A529 /* UI.h */ = {isa = PBXFileReference; lastKnownFileType = sourcecode.c.h; path = UI.h; sourceTree = "<group>"; };
		93151B201B8E448E00D0A529 /* Attribute.mm */ = {isa = PBXFileReference; fileEncoding = 4; lastKnownFileType = sourcecode.cpp.objcpp; path = Attribute.mm; sourceTree = "<group>"; };
		93151B221B8E481800D0A529 /* Map.h */ = {isa = PBXFileReference; lastKnownFileType = sourcecode.c.h; path = Map.h; sourceTree = "<group>"; };
		93151B231B8E485100D0A529 /* Map.mm */ = {isa = PBXFileReference; fileEncoding = 4; lastKnownFileType = sourcecode.cpp.objcpp; path = Map.mm; sourceTree = "<group>"; };
		93151B251B8E489800D0A529 /* Cocoa.mm */ = {isa = PBXFileReference; fileEncoding = 4; lastKnownFileType = sourcecode.cpp.objcpp; path = Cocoa.mm; sourceTree = "<group>"; };
		93151B271B8E48A500D0A529 /* Cocoa.h */ = {isa = PBXFileReference; lastKnownFileType = sourcecode.c.h; path = Cocoa.h; sourceTree = "<group>"; };
		93151B281B8E839A00D0A529 /* test */ = {isa = PBXFileReference; lastKnownFileType = "compiled.mach-o.executable"; path = test; sourceTree = "<group>"; };
		933AE7AD1B8BF81700A987C0 /* Base.mm */ = {isa = PBXFileReference; fileEncoding = 4; lastKnownFileType = sourcecode.cpp.objcpp; path = Base.mm; sourceTree = "<group>"; };
		9390B03F1B8A56EB0033953A /* TTY.h */ = {isa = PBXFileReference; fileEncoding = 4; lastKnownFileType = sourcecode.c.h; path = TTY.h; sourceTree = "<group>"; };
		9390B0401B8A56EB0033953A /* make */ = {isa = PBXFileReference; fileEncoding = 4; lastKnownFileType = text.script.sh; path = make; sourceTree = "<group>"; };
		9390B0491B8A575E0033953A /* Common.h */ = {isa = PBXFileReference; lastKnownFileType = sourcecode.c.h; path = Common.h; sourceTree = "<group>"; };
		9390B04A1B8A5E860033953A /* TTY.mm */ = {isa = PBXFileReference; lastKnownFileType = sourcecode.cpp.objcpp; path = TTY.mm; sourceTree = "<group>"; };
		9390B04B1B8A5EC70033953A /* Base.h */ = {isa = PBXFileReference; lastKnownFileType = sourcecode.c.h; path = Base.h; sourceTree = "<group>"; };
		9390B04C1B8A60F40033953A /* Common.mm */ = {isa = PBXFileReference; fileEncoding = 4; lastKnownFileType = sourcecode.cpp.objcpp; path = Common.mm; sourceTree = "<group>"; };
		9390B04E1B8A622D0033953A /* Attribute.h */ = {isa = PBXFileReference; lastKnownFileType = sourcecode.c.h; path = Attribute.h; sourceTree = "<group>"; };
		9390B04F1B8A65900033953A /* OutputBuffer.h */ = {isa = PBXFileReference; lastKnownFileType = sourcecode.c.h; path = OutputBuffer.h; sourceTree = "<group>"; };
		9390B0501B8A8B780033953A /* Point.h */ = {isa = PBXFileReference; lastKnownFileType = sourcecode.c.h; path = Point.h; sourceTree = "<group>"; };
		9390B0621B8BA7A10033953A /* arc4random */ = {isa = PBXFileReference; lastKnownFileType = "compiled.mach-o.executable"; path = arc4random; sourceTree = "<group>"; };
		9390B0631B8BA7A10033953A /* error */ = {isa = PBXFileReference; fileEncoding = 4; lastKnownFileType = text; path = error; sourceTree = "<group>"; };
		9390B0641B8BA7A10033953A /* ioctl */ = {isa = PBXFileReference; lastKnownFileType = "compiled.mach-o.executable"; path = ioctl; sourceTree = "<group>"; };
		9390B0651B8BA7A10033953A /* termios */ = {isa = PBXFileReference; lastKnownFileType = "compiled.mach-o.executable"; path = termios; sourceTree = "<group>"; };
		9390B0671B8BA7A10033953A /* arc4random.c */ = {isa = PBXFileReference; fileEncoding = 4; lastKnownFileType = sourcecode.c.c; path = arc4random.c; sourceTree = "<group>"; };
		9390B0681B8BA7A10033953A /* ioctl.c */ = {isa = PBXFileReference; fileEncoding = 4; lastKnownFileType = sourcecode.c.c; path = ioctl.c; sourceTree = "<group>"; };
		9390B0691B8BA7A10033953A /* termios.c */ = {isa = PBXFileReference; fileEncoding = 4; lastKnownFileType = sourcecode.c.c; path = termios.c; sourceTree = "<group>"; };
		9390B06E1B8BA7F60033953A /* test.mm */ = {isa = PBXFileReference; fileEncoding = 4; lastKnownFileType = sourcecode.cpp.objcpp; path = test.mm; sourceTree = "<group>"; };
		9390B06F1B8BA8170033953A /* make.sh */ = {isa = PBXFileReference; lastKnownFileType = text.script.sh; path = make.sh; sourceTree = "<group>"; };
		9390B0701B8BA96A0033953A /* OutputBuffer.mm */ = {isa = PBXFileReference; fileEncoding = 4; lastKnownFileType = sourcecode.cpp.objcpp; path = OutputBuffer.mm; sourceTree = "<group>"; };
		93B4986C1B8BE88300578A17 /* README.md */ = {isa = PBXFileReference; fileEncoding = 4; lastKnownFileType = net.daringfireball.markdown; path = README.md; sourceTree = "<group>"; };
		93D7679D1B8BF28500892C63 /* libhex.a */ = {isa = PBXFileReference; lastKnownFileType = archive.ar; path = libhex.a; sourceTree = "<group>"; };
		93D767A11B8BF28500892C63 /* Common.o */ = {isa = PBXFileReference; lastKnownFileType = "compiled.mach-o.objfile"; path = Common.o; sourceTree = "<group>"; };
		93D767A51B8BF28500892C63 /* OutputBuffer.o */ = {isa = PBXFileReference; lastKnownFileType = "compiled.mach-o.objfile"; path = OutputBuffer.o; sourceTree = "<group>"; };
		93D767A81B8BF28500892C63 /* Base.o */ = {isa = PBXFileReference; lastKnownFileType = "compiled.mach-o.objfile"; path = Base.o; sourceTree = "<group>"; };
		93D767A91B8BF28500892C63 /* TTY.o */ = {isa = PBXFileReference; lastKnownFileType = "compiled.mach-o.objfile"; path = TTY.o; sourceTree = "<group>"; };
/* End PBXFileReference section */

/* Begin PBXFrameworksBuildPhase section */
		93151B051B8CF02400D0A529 /* Frameworks */ = {
			isa = PBXFrameworksBuildPhase;
			buildActionMask = 2147483647;
			files = (
			);
			runOnlyForDeploymentPostprocessing = 0;
		};
/* End PBXFrameworksBuildPhase section */

/* Begin PBXGroup section */
		93151B091B8CF02400D0A529 /* libhex-symbols */ = {
			isa = PBXGroup;
			children = (
				93151B0A1B8CF02400D0A529 /* main.m */,
			);
			path = "libhex-symbols";
			sourceTree = "<group>";
		};
		933AE79C1B8BF5E700A987C0 /* Products */ = {
			isa = PBXGroup;
			children = (
				93151B081B8CF02400D0A529 /* libhex-symbols */,
			);
			name = Products;
			sourceTree = "<group>";
		};
		9390B0201B8A1E790033953A = {
			isa = PBXGroup;
			children = (
				93D7679C1B8BF28500892C63 /* build */,
				93B4986C1B8BE88300578A17 /* README.md */,
				9390B0371B8A56EB0033953A /* doc */,
				9390B0381B8A56EB0033953A /* include */,
				9390B0401B8A56EB0033953A /* make */,
				9390B0411B8A56EB0033953A /* src */,
				9390B0481B8A56EB0033953A /* tests */,
				93151B091B8CF02400D0A529 /* libhex-symbols */,
				933AE79C1B8BF5E700A987C0 /* Products */,
			);
			sourceTree = "<group>";
		};
		9390B0371B8A56EB0033953A /* doc */ = {
			isa = PBXGroup;
			children = (
			);
			path = doc;
			sourceTree = "<group>";
		};
		9390B0381B8A56EB0033953A /* include */ = {
			isa = PBXGroup;
			children = (
				9390B0391B8A56EB0033953A /* Engine */,
				9390B03A1B8A56EB0033953A /* Model */,
				9390B03D1B8A56EB0033953A /* UI */,
			);
			path = include;
			sourceTree = "<group>";
		};
		9390B0391B8A56EB0033953A /* Engine */ = {
			isa = PBXGroup;
			children = (
				9390B0491B8A575E0033953A /* Common.h */,
			);
			path = Engine;
			sourceTree = "<group>";
		};
		9390B03A1B8A56EB0033953A /* Model */ = {
			isa = PBXGroup;
			children = (
				9390B03B1B8A56EB0033953A /* dungeon */,
				9390B03C1B8A56EB0033953A /* geometry */,
				9390B04F1B8A65900033953A /* OutputBuffer.h */,
			);
			path = Model;
			sourceTree = "<group>";
		};
		9390B03B1B8A56EB0033953A /* dungeon */ = {
			isa = PBXGroup;
			children = (
				93151B221B8E481800D0A529 /* Map.h */,
			);
			path = dungeon;
			sourceTree = "<group>";
		};
		9390B03C1B8A56EB0033953A /* geometry */ = {
			isa = PBXGroup;
			children = (
				9390B0501B8A8B780033953A /* Point.h */,
			);
			path = geometry;
			sourceTree = "<group>";
		};
		9390B03D1B8A56EB0033953A /* UI */ = {
			isa = PBXGroup;
			children = (
				9390B03E1B8A56EB0033953A /* Impl */,
				9390B04E1B8A622D0033953A /* Attribute.h */,
				93151B1E1B8CF2B900D0A529 /* UI.h */,
			);
			path = UI;
			sourceTree = "<group>";
		};
		9390B03E1B8A56EB0033953A /* Impl */ = {
			isa = PBXGroup;
			children = (
				9390B03F1B8A56EB0033953A /* TTY.h */,
				9390B04B1B8A5EC70033953A /* Base.h */,
				93151B191B8CF08700D0A529 /* Impl.h */,
				93151B271B8E48A500D0A529 /* Cocoa.h */,
			);
			path = Impl;
			sourceTree = "<group>";
		};
		9390B0411B8A56EB0033953A /* src */ = {
			isa = PBXGroup;
			children = (
				9390B0421B8A56EB0033953A /* engine */,
				9390B0431B8A56EB0033953A /* model */,
				9390B0461B8A56EB0033953A /* ui */,
			);
			path = src;
			sourceTree = "<group>";
		};
		9390B0421B8A56EB0033953A /* engine */ = {
			isa = PBXGroup;
			children = (
				9390B04C1B8A60F40033953A /* Common.mm */,
			);
			path = engine;
			sourceTree = "<group>";
		};
		9390B0431B8A56EB0033953A /* model */ = {
			isa = PBXGroup;
			children = (
				9390B0441B8A56EB0033953A /* dungeon */,
				9390B0451B8A56EB0033953A /* geometry */,
				9390B0701B8BA96A0033953A /* OutputBuffer.mm */,
			);
			path = model;
			sourceTree = "<group>";
		};
		9390B0441B8A56EB0033953A /* dungeon */ = {
			isa = PBXGroup;
			children = (
				93151B231B8E485100D0A529 /* Map.mm */,
			);
			path = dungeon;
			sourceTree = "<group>";
		};
		9390B0451B8A56EB0033953A /* geometry */ = {
			isa = PBXGroup;
			children = (
			);
			path = geometry;
			sourceTree = "<group>";
		};
		9390B0461B8A56EB0033953A /* ui */ = {
			isa = PBXGroup;
			children = (
				9390B0471B8A56EB0033953A /* impl */,
				93151B201B8E448E00D0A529 /* Attribute.mm */,
			);
			path = ui;
			sourceTree = "<group>";
		};
		9390B0471B8A56EB0033953A /* impl */ = {
			isa = PBXGroup;
			children = (
				933AE7AD1B8BF81700A987C0 /* Base.mm */,
				9390B04A1B8A5E860033953A /* TTY.mm */,
				93151B251B8E489800D0A529 /* Cocoa.mm */,
			);
			path = impl;
			sourceTree = "<group>";
		};
		9390B0481B8A56EB0033953A /* tests */ = {
			isa = PBXGroup;
			children = (
				9390B0601B8BA7A10033953A /* deps */,
				9390B06A1B8BA7A10033953A /* main */,
			);
			path = tests;
			sourceTree = "<group>";
		};
		9390B0601B8BA7A10033953A /* deps */ = {
			isa = PBXGroup;
			children = (
				9390B0611B8BA7A10033953A /* build */,
				9390B0661B8BA7A10033953A /* src */,
			);
			path = deps;
			sourceTree = "<group>";
		};
		9390B0611B8BA7A10033953A /* build */ = {
			isa = PBXGroup;
			children = (
				9390B0621B8BA7A10033953A /* arc4random */,
				9390B0631B8BA7A10033953A /* error */,
				9390B0641B8BA7A10033953A /* ioctl */,
				9390B0651B8BA7A10033953A /* termios */,
			);
			path = build;
			sourceTree = "<group>";
		};
		9390B0661B8BA7A10033953A /* src */ = {
			isa = PBXGroup;
			children = (
				9390B0671B8BA7A10033953A /* arc4random.c */,
				9390B0681B8BA7A10033953A /* ioctl.c */,
				9390B0691B8BA7A10033953A /* termios.c */,
			);
			path = src;
			sourceTree = "<group>";
		};
		9390B06A1B8BA7A10033953A /* main */ = {
			isa = PBXGroup;
			children = (
				9390B06B1B8BA7A10033953A /* build */,
				9390B06C1B8BA7A10033953A /* src */,
				9390B06F1B8BA8170033953A /* make.sh */,
			);
			path = main;
			sourceTree = "<group>";
		};
		9390B06B1B8BA7A10033953A /* build */ = {
			isa = PBXGroup;
			children = (
				93151B281B8E839A00D0A529 /* test */,
			);
			path = build;
			sourceTree = "<group>";
		};
		9390B06C1B8BA7A10033953A /* src */ = {
			isa = PBXGroup;
			children = (
				9390B06E1B8BA7F60033953A /* test.mm */,
			);
			path = src;
			sourceTree = "<group>";
		};
		93D7679C1B8BF28500892C63 /* build */ = {
			isa = PBXGroup;
			children = (
				93D7679D1B8BF28500892C63 /* libhex.a */,
				93D7679E1B8BF28500892C63 /* obj */,
			);
			path = build;
			sourceTree = "<group>";
		};
		93D7679E1B8BF28500892C63 /* obj */ = {
			isa = PBXGroup;
			children = (
				93D7679F1B8BF28500892C63 /* src */,
			);
			path = obj;
			sourceTree = "<group>";
		};
		93D7679F1B8BF28500892C63 /* src */ = {
			isa = PBXGroup;
			children = (
				93D767A01B8BF28500892C63 /* engine */,
				93D767A21B8BF28500892C63 /* model */,
				93D767A61B8BF28500892C63 /* ui */,
			);
			path = src;
			sourceTree = "<group>";
		};
		93D767A01B8BF28500892C63 /* engine */ = {
			isa = PBXGroup;
			children = (
				93D767A11B8BF28500892C63 /* Common.o */,
			);
			path = engine;
			sourceTree = "<group>";
		};
		93D767A21B8BF28500892C63 /* model */ = {
			isa = PBXGroup;
			children = (
				93D767A31B8BF28500892C63 /* dungeon */,
				93D767A41B8BF28500892C63 /* geometry */,
				93D767A51B8BF28500892C63 /* OutputBuffer.o */,
			);
			path = model;
			sourceTree = "<group>";
		};
		93D767A31B8BF28500892C63 /* dungeon */ = {
			isa = PBXGroup;
			children = (
			);
			path = dungeon;
			sourceTree = "<group>";
		};
		93D767A41B8BF28500892C63 /* geometry */ = {
			isa = PBXGroup;
			children = (
			);
			path = geometry;
			sourceTree = "<group>";
		};
		93D767A61B8BF28500892C63 /* ui */ = {
			isa = PBXGroup;
			children = (
				93D767A71B8BF28500892C63 /* impl */,
			);
			path = ui;
			sourceTree = "<group>";
		};
		93D767A71B8BF28500892C63 /* impl */ = {
			isa = PBXGroup;
			children = (
				93D767A81B8BF28500892C63 /* Base.o */,
				93D767A91B8BF28500892C63 /* TTY.o */,
			);
			path = impl;
			sourceTree = "<group>";
		};
/* End PBXGroup section */

/* Begin PBXLegacyTarget section */
		93151B001B8CEFBA00D0A529 /* libhex */ = {
			isa = PBXLegacyTarget;
			buildArgumentsString = sanitize;
			buildConfigurationList = 93151B011B8CEFBA00D0A529 /* Build configuration list for PBXLegacyTarget "libhex" */;
			buildPhases = (
			);
			buildToolPath = /users/max.cura/myriad/libhex/make;
			buildWorkingDirectory = "";
			dependencies = (
			);
			name = libhex;
			passBuildSettingsInEnvironment = 0;
			productName = libhex;
		};
		93151B1A1B8CF1F200D0A529 /* libhex-test */ = {
			isa = PBXLegacyTarget;
			buildArgumentsString = "$(ACTION)";
			buildConfigurationList = 93151B1B1B8CF1F200D0A529 /* Build configuration list for PBXLegacyTarget "libhex-test" */;
			buildPhases = (
			);
			buildToolPath = /users/max.cura/myriad/libhex;
			dependencies = (
			);
			name = "libhex-test";
			passBuildSettingsInEnvironment = 1;
			productName = "libhex-test";
		};
/* End PBXLegacyTarget section */

/* Begin PBXNativeTarget section */
		93151B071B8CF02400D0A529 /* libhex-symbols */ = {
			isa = PBXNativeTarget;
			buildConfigurationList = 93151B0C1B8CF02400D0A529 /* Build configuration list for PBXNativeTarget "libhex-symbols" */;
			buildPhases = (
				93151B041B8CF02400D0A529 /* Sources */,
				93151B051B8CF02400D0A529 /* Frameworks */,
				93151B061B8CF02400D0A529 /* CopyFiles */,
			);
			buildRules = (
			);
			dependencies = (
			);
			name = "libhex-symbols";
			productName = "libhex-symbols";
			productReference = 93151B081B8CF02400D0A529 /* libhex-symbols */;
			productType = "com.apple.product-type.tool";
		};
/* End PBXNativeTarget section */

/* Begin PBXProject section */
		9390B0211B8A1E790033953A /* Project object */ = {
			isa = PBXProject;
			attributes = {
				LastUpgradeCheck = 0610;
				ORGANIZATIONNAME = "Max C";
				TargetAttributes = {
					93151B001B8CEFBA00D0A529 = {
						CreatedOnToolsVersion = 6.1.1;
					};
					93151B071B8CF02400D0A529 = {
						CreatedOnToolsVersion = 6.1.1;
					};
					93151B1A1B8CF1F200D0A529 = {
						CreatedOnToolsVersion = 6.1.1;
					};
				};
			};
			buildConfigurationList = 9390B0241B8A1E790033953A /* Build configuration list for PBXProject "libhex" */;
			compatibilityVersion = "Xcode 3.2";
			developmentRegion = English;
			hasScannedForEncodings = 0;
			knownRegions = (
				en,
			);
			mainGroup = 9390B0201B8A1E790033953A;
			productRefGroup = 933AE79C1B8BF5E700A987C0 /* Products */;
			projectDirPath = "";
			projectRoot = "";
			targets = (
				93151B001B8CEFBA00D0A529 /* libhex */,
				93151B071B8CF02400D0A529 /* libhex-symbols */,
				93151B1A1B8CF1F200D0A529 /* libhex-test */,
			);
		};
/* End PBXProject section */

/* Begin PBXSourcesBuildPhase section */
		93151B041B8CF02400D0A529 /* Sources */ = {
			isa = PBXSourcesBuildPhase;
			buildActionMask = 2147483647;
			files = (
				93151B241B8E485100D0A529 /* Map.mm in Sources */,
				93151B0F1B8CF03700D0A529 /* Common.h in Sources */,
				93151B101B8CF03700D0A529 /* Point.h in Sources */,
				93151B211B8E448E00D0A529 /* Attribute.mm in Sources */,
				93151B111B8CF03700D0A529 /* OutputBuffer.h in Sources */,
				93151B121B8CF03700D0A529 /* TTY.h in Sources */,
				93151B131B8CF03700D0A529 /* Base.h in Sources */,
				93151B141B8CF03700D0A529 /* Attribute.h in Sources */,
				93151B151B8CF03700D0A529 /* Common.mm in Sources */,
				93151B171B8CF03700D0A529 /* Base.mm in Sources */,
				93151B181B8CF03700D0A529 /* TTY.mm in Sources */,
				93151B261B8E489800D0A529 /* Cocoa.mm in Sources */,
				93151B1F1B8CFD8100D0A529 /* OutputBuffer.mm in Sources */,
				93151B0B1B8CF02400D0A529 /* main.m in Sources */,
			);
			runOnlyForDeploymentPostprocessing = 0;
		};
/* End PBXSourcesBuildPhase section */

/* Begin XCBuildConfiguration section */
		93151B021B8CEFBA00D0A529 /* Debug */ = {
			isa = XCBuildConfiguration;
			buildSettings = {
				ALWAYS_SEARCH_USER_PATHS = NO;
				CLANG_CXX_LANGUAGE_STANDARD = "gnu++0x";
				CLANG_CXX_LIBRARY = "libc++";
				CLANG_ENABLE_OBJC_ARC = YES;
				DEBUGGING_SYMBOLS = YES;
				GCC_C_LANGUAGE_STANDARD = gnu99;
				GCC_GENERATE_DEBUGGING_SYMBOLS = YES;
				GCC_OPTIMIZATION_LEVEL = 0;
				GCC_PREPROCESSOR_DEFINITIONS = (
					"DEBUG=1",
					"$(inherited)",
				);
				ONLY_ACTIVE_ARCH = YES;
				OTHER_CFLAGS = "";
				OTHER_LDFLAGS = "";
				PRODUCT_NAME = "$(TARGET_NAME)";
			};
			name = Debug;
		};
		93151B031B8CEFBA00D0A529 /* Release */ = {
			isa = XCBuildConfiguration;
			buildSettings = {
				ALWAYS_SEARCH_USER_PATHS = NO;
				CLANG_CXX_LANGUAGE_STANDARD = "gnu++0x";
				CLANG_CXX_LIBRARY = "libc++";
				CLANG_ENABLE_OBJC_ARC = YES;
				GCC_C_LANGUAGE_STANDARD = gnu99;
				OTHER_CFLAGS = "";
				OTHER_LDFLAGS = "";
				PRODUCT_NAME = "$(TARGET_NAME)";
			};
			name = Release;
		};
		93151B0D1B8CF02400D0A529 /* Debug */ = {
			isa = XCBuildConfiguration;
			buildSettings = {
				ALWAYS_SEARCH_USER_PATHS = NO;
				CLANG_CXX_LANGUAGE_STANDARD = "gnu++0x";
				CLANG_CXX_LIBRARY = "libc++";
				CLANG_ENABLE_OBJC_ARC = YES;
				GCC_C_LANGUAGE_STANDARD = gnu99;
				GCC_PREPROCESSOR_DEFINITIONS = (
					"DEBUG=1",
					"$(inherited)",
				);
				ONLY_ACTIVE_ARCH = YES;
				PRODUCT_NAME = "$(TARGET_NAME)";
			};
			name = Debug;
		};
		93151B0E1B8CF02400D0A529 /* Release */ = {
			isa = XCBuildConfiguration;
			buildSettings = {
				ALWAYS_SEARCH_USER_PATHS = NO;
				CLANG_CXX_LANGUAGE_STANDARD = "gnu++0x";
				CLANG_CXX_LIBRARY = "libc++";
				CLANG_ENABLE_OBJC_ARC = YES;
				GCC_C_LANGUAGE_STANDARD = gnu99;
				PRODUCT_NAME = "$(TARGET_NAME)";
			};
			name = Release;
		};
		93151B1C1B8CF1F200D0A529 /* Debug */ = {
			isa = XCBuildConfiguration;
			buildSettings = {
				ALWAYS_SEARCH_USER_PATHS = NO;
				CLANG_CXX_LANGUAGE_STANDARD = "gnu++0x";
				CLANG_CXX_LIBRARY = "libc++";
				CLANG_ENABLE_OBJC_ARC = YES;
				DEBUGGING_SYMBOLS = YES;
				GCC_C_LANGUAGE_STANDARD = gnu99;
				GCC_GENERATE_DEBUGGING_SYMBOLS = YES;
				GCC_OPTIMIZATION_LEVEL = 0;
				GCC_PREPROCESSOR_DEFINITIONS = (
					"DEBUG=1",
					"$(inherited)",
				);
				ONLY_ACTIVE_ARCH = YES;
				OTHER_CFLAGS = "";
				OTHER_LDFLAGS = "";
				PRODUCT_NAME = "$(TARGET_NAME)";
			};
			name = Debug;
		};
		93151B1D1B8CF1F200D0A529 /* Release */ = {
			isa = XCBuildConfiguration;
			buildSettings = {
				ALWAYS_SEARCH_USER_PATHS = NO;
				CLANG_CXX_LANGUAGE_STANDARD = "gnu++0x";
				CLANG_CXX_LIBRARY = "libc++";
				CLANG_ENABLE_OBJC_ARC = YES;
				GCC_C_LANGUAGE_STANDARD = gnu99;
				OTHER_CFLAGS = "";
				OTHER_LDFLAGS = "";
				PRODUCT_NAME = "$(TARGET_NAME)";
			};
			name = Release;
		};
		9390B0261B8A1E790033953A /* Debug */ = {
			isa = XCBuildConfiguration;
			buildSettings = {
				ALWAYS_SEARCH_USER_PATHS = YES;
				CLANG_CXX_LANGUAGE_STANDARD = "c++14";
				CLANG_CXX_LIBRARY = "libstdc++";
				CLANG_ENABLE_MODULES = YES;
				CLANG_ENABLE_OBJC_ARC = NO;
				CLANG_WARN_BOOL_CONVERSION = YES;
				CLANG_WARN_CONSTANT_CONVERSION = YES;
				CLANG_WARN_DIRECT_OBJC_ISA_USAGE = YES_ERROR;
				CLANG_WARN_EMPTY_BODY = YES;
				CLANG_WARN_ENUM_CONVERSION = YES;
				CLANG_WARN_INT_CONVERSION = YES;
				CLANG_WARN_OBJC_ROOT_CLASS = YES_ERROR;
				CLANG_WARN_UNREACHABLE_CODE = YES;
				CLANG_WARN__DUPLICATE_METHOD_MATCH = YES;
				COPY_PHASE_STRIP = NO;
				ENABLE_STRICT_OBJC_MSGSEND = YES;
				GCC_C_LANGUAGE_STANDARD = "compiler-default";
				GCC_DYNAMIC_NO_PIC = NO;
				GCC_OPTIMIZATION_LEVEL = 0;
				GCC_PREPROCESSOR_DEFINITIONS = (
					"DEBUG=1",
					"$(inherited)",
				);
				GCC_SYMBOLS_PRIVATE_EXTERN = NO;
				GCC_WARN_64_TO_32_BIT_CONVERSION = YES;
				GCC_WARN_ABOUT_RETURN_TYPE = YES_ERROR;
				GCC_WARN_UNDECLARED_SELECTOR = YES;
				GCC_WARN_UNINITIALIZED_AUTOS = YES_AGGRESSIVE;
				GCC_WARN_UNUSED_FUNCTION = YES;
				GCC_WARN_UNUSED_VARIABLE = YES;
				MACOSX_DEPLOYMENT_TARGET = 10.10;
				MTL_ENABLE_DEBUG_INFO = YES;
				ONLY_ACTIVE_ARCH = NO;
				SDKROOT = macosx;
			};
			name = Debug;
		};
		9390B0271B8A1E790033953A /* Release */ = {
			isa = XCBuildConfiguration;
			buildSettings = {
				ALWAYS_SEARCH_USER_PATHS = YES;
				CLANG_CXX_LANGUAGE_STANDARD = "c++14";
				CLANG_CXX_LIBRARY = "libstdc++";
				CLANG_ENABLE_MODULES = YES;
				CLANG_ENABLE_OBJC_ARC = NO;
				CLANG_WARN_BOOL_CONVERSION = YES;
				CLANG_WARN_CONSTANT_CONVERSION = YES;
				CLANG_WARN_DIRECT_OBJC_ISA_USAGE = YES_ERROR;
				CLANG_WARN_EMPTY_BODY = YES;
				CLANG_WARN_ENUM_CONVERSION = YES;
				CLANG_WARN_INT_CONVERSION = YES;
				CLANG_WARN_OBJC_ROOT_CLASS = YES_ERROR;
				CLANG_WARN_UNREACHABLE_CODE = YES;
				CLANG_WARN__DUPLICATE_METHOD_MATCH = YES;
				COPY_PHASE_STRIP = YES;
				DEBUG_INFORMATION_FORMAT = "dwarf-with-dsym";
				ENABLE_NS_ASSERTIONS = NO;
				ENABLE_STRICT_OBJC_MSGSEND = YES;
				GCC_C_LANGUAGE_STANDARD = "compiler-default";
				GCC_WARN_64_TO_32_BIT_CONVERSION = YES;
				GCC_WARN_ABOUT_RETURN_TYPE = YES_ERROR;
				GCC_WARN_UNDECLARED_SELECTOR = YES;
				GCC_WARN_UNINITIALIZED_AUTOS = YES_AGGRESSIVE;
				GCC_WARN_UNUSED_FUNCTION = YES;
				GCC_WARN_UNUSED_VARIABLE = YES;
				MACOSX_DEPLOYMENT_TARGET = 10.10;
				MTL_ENABLE_DEBUG_INFO = NO;
				ONLY_ACTIVE_ARCH = YES;
				SDKROOT = macosx;
			};
			name = Release;
		};
/* End XCBuildConfiguration section */

/* Begin XCConfigurationList section */
		93151B011B8CEFBA00D0A529 /* Build configuration list for PBXLegacyTarget "libhex" */ = {
			isa = XCConfigurationList;
			buildConfigurations = (
				93151B021B8CEFBA00D0A529 /* Debug */,
				93151B031B8CEFBA00D0A529 /* Release */,
			);
			defaultConfigurationIsVisible = 0;
			defaultConfigurationName = Release;
		};
		93151B0C1B8CF02400D0A529 /* Build configuration list for PBXNativeTarget "libhex-symbols" */ = {
			isa = XCConfigurationList;
			buildConfigurations = (
				93151B0D1B8CF02400D0A529 /* Debug */,
				93151B0E1B8CF02400D0A529 /* Release */,
			);
			defaultConfigurationIsVisible = 0;
			defaultConfigurationName = Release;
		};
		93151B1B1B8CF1F200D0A529 /* Build configuration list for PBXLegacyTarget "libhex-test" */ = {
			isa = XCConfigurationList;
			buildConfigurations = (
				93151B1C1B8CF1F200D0A529 /* Debug */,
				93151B1D1B8CF1F200D0A529 /* Release */,
			);
			defaultConfigurationIsVisible = 0;
			defaultConfigurationName = Release;
		};
		9390B0241B8A1E790033953A /* Build configuration list for PBXProject "libhex" */ = {
			isa = XCConfigurationList;
			buildConfigurations = (
				9390B0261B8A1E790033953A /* Debug */,
				9390B0271B8A1E790033953A /* Release */,
			);
			defaultConfigurationIsVisible = 0;
			defaultConfigurationName = Release;
		};
/* End XCConfigurationList section */
	};
	rootObject = 9390B0211B8A1E790033953A /* Project object */;
}
